
Microsoft Visual Studio Solution File, Format Version 12.00
# Visual Studio Version 16
VisualStudioVersion = 16.0.30804.86
MinimumVisualStudioVersion = 10.0.40219.1
Project("{888888A0-9F3D-457C-B088-3A5042F75D52}") = "Hackathon", "Hackathon\Hackathon.pyproj", "{A2EBB09E-C7E5-4CE3-A477-32CB1107E4A5}"
EndProject
Global
	GlobalSection(SolutionConfigurationPlatforms) = preSolution
		Debug|Any CPU = Debug|Any CPU
		Release|Any CPU = Release|Any CPU
	EndGlobalSection
	GlobalSection(ProjectConfigurationPlatforms) = postSolution
		{A2EBB09E-C7E5-4CE3-A477-32CB1107E4A5}.Debug|Any CPU.ActiveCfg = Debug|Any CPU
		{A2EBB09E-C7E5-4CE3-A477-32CB1107E4A5}.Release|Any CPU.ActiveCfg = Release|Any CPU
	EndGlobalSection
	GlobalSection(SolutionProperties) = preSolution
		HideSolutionNode = FALSE
	EndGlobalSection
	GlobalSection(ExtensibilityGlobals) = postSolution
		SolutionGuid = {53D2BD27-BA9F-4603-B29D-2A10253F0E40}
	EndGlobalSection
EndGlobal
